// !$*UTF8*$!
{
	archiveVersion = 1;
	classes = {
	};
	objectVersion = 70;
	objects = {

/* Begin PBXBuildFile section */
		EF2EB2BC2E05EB980094BC9D /* StatsView.swift in Sources */ = {isa = PBXBuildFile; fileRef = EF2EB2BB2E05EB980094BC9D /* StatsView.swift */; };
		EF2EB2BE2E05EDAB0094BC9D /* WeeklyUsageModel.swift in Sources */ = {isa = PBXBuildFile; fileRef = EF2EB2BD2E05EDAB0094BC9D /* WeeklyUsageModel.swift */; };
		EF2EB2C02E05F39E0094BC9D /* LeaderboardView.swift in Sources */ = {isa = PBXBuildFile; fileRef = EF2EB2BF2E05F39E0094BC9D /* LeaderboardView.swift */; };
		EFBBF0312D600FB800FB3D6E /* SettingsView.swift in Sources */ = {isa = PBXBuildFile; fileRef = EFBBF0302D600FB800FB3D6E /* SettingsView.swift */; };
		EFBF55CB2DFF964400D43767 /* SoundUtil.swift in Sources */ = {isa = PBXBuildFile; fileRef = EFBF55CA2DFF964400D43767 /* SoundUtil.swift */; };
		EFBF55E22E0102B500D43767 /* LoginView.swift in Sources */ = {isa = PBXBuildFile; fileRef = EFBF55E12E0102B500D43767 /* LoginView.swift */; };
		EFD72AD62D51994D00BF0B44 /* StudyTimerApp.swift in Sources */ = {isa = PBXBuildFile; fileRef = EFD72AD52D51994D00BF0B44 /* StudyTimerApp.swift */; };
		EFD72AD82D51994D00BF0B44 /* BaseView.swift in Sources */ = {isa = PBXBuildFile; fileRef = EFD72AD72D51994D00BF0B44 /* BaseView.swift */; };
		EFD72ADA2D51994D00BF0B44 /* Item.swift in Sources */ = {isa = PBXBuildFile; fileRef = EFD72AD92D51994D00BF0B44 /* Item.swift */; };
		EFD72ADC2D51994E00BF0B44 /* Assets.xcassets in Resources */ = {isa = PBXBuildFile; fileRef = EFD72ADB2D51994E00BF0B44 /* Assets.xcassets */; };
		EFD72ADF2D51994E00BF0B44 /* Preview Assets.xcassets in Resources */ = {isa = PBXBuildFile; fileRef = EFD72ADE2D51994E00BF0B44 /* Preview Assets.xcassets */; };
		EFD72AE62D51A1E500BF0B44 /* ColorUtil.swift in Sources */ = {isa = PBXBuildFile; fileRef = EFD72AE52D51A1E500BF0B44 /* ColorUtil.swift */; };
		EFD72AF32D5A99F700BF0B44 /* SettingsModel.swift in Sources */ = {isa = PBXBuildFile; fileRef = EFD72AF22D5A99F700BF0B44 /* SettingsModel.swift */; };
		EFF394582E03671100E494CB /* FirebaseAuth in Frameworks */ = {isa = PBXBuildFile; productRef = EFF394572E03671100E494CB /* FirebaseAuth */; };
		EFF3945A2E03671100E494CB /* FirebaseFirestore in Frameworks */ = {isa = PBXBuildFile; productRef = EFF394592E03671100E494CB /* FirebaseFirestore */; };
		EFF3945C2E03671100E494CB /* FirebaseStorage in Frameworks */ = {isa = PBXBuildFile; productRef = EFF3945B2E03671100E494CB /* FirebaseStorage */; };
		EFF3945E2E0368D800E494CB /* GoogleService-Info.plist in Resources */ = {isa = PBXBuildFile; fileRef = EFF3945D2E0368D800E494CB /* GoogleService-Info.plist */; };
		EFF394602E03788000E494CB /* UserModel.swift in Sources */ = {isa = PBXBuildFile; fileRef = EFF3945F2E03788000E494CB /* UserModel.swift */; };
		EFF394622E038BBC00E494CB /* CreateAccountView.swift in Sources */ = {isa = PBXBuildFile; fileRef = EFF394612E038BBC00E494CB /* CreateAccountView.swift */; };
/* End PBXBuildFile section */

/* Begin PBXFileReference section */
		EF2EB2BB2E05EB980094BC9D /* StatsView.swift */ = {isa = PBXFileReference; lastKnownFileType = sourcecode.swift; path = StatsView.swift; sourceTree = "<group>"; };
		EF2EB2BD2E05EDAB0094BC9D /* WeeklyUsageModel.swift */ = {isa = PBXFileReference; lastKnownFileType = sourcecode.swift; path = WeeklyUsageModel.swift; sourceTree = "<group>"; };
		EF2EB2BF2E05F39E0094BC9D /* LeaderboardView.swift */ = {isa = PBXFileReference; lastKnownFileType = sourcecode.swift; path = LeaderboardView.swift; sourceTree = "<group>"; };
		EF7444932DECE9D400CB50A1 /* Info.plist */ = {isa = PBXFileReference; lastKnownFileType = text.plist; path = Info.plist; sourceTree = "<group>"; };
		EFBBF0302D600FB800FB3D6E /* SettingsView.swift */ = {isa = PBXFileReference; lastKnownFileType = sourcecode.swift; path = SettingsView.swift; sourceTree = "<group>"; };
		EFBF55CA2DFF964400D43767 /* SoundUtil.swift */ = {isa = PBXFileReference; lastKnownFileType = sourcecode.swift; path = SoundUtil.swift; sourceTree = "<group>"; };
		EFBF55E12E0102B500D43767 /* LoginView.swift */ = {isa = PBXFileReference; lastKnownFileType = sourcecode.swift; path = LoginView.swift; sourceTree = "<group>"; };
		EFD72AD22D51994D00BF0B44 /* StudyTimer.app */ = {isa = PBXFileReference; explicitFileType = wrapper.application; includeInIndex = 0; path = StudyTimer.app; sourceTree = BUILT_PRODUCTS_DIR; };
		EFD72AD52D51994D00BF0B44 /* StudyTimerApp.swift */ = {isa = PBXFileReference; lastKnownFileType = sourcecode.swift; path = StudyTimerApp.swift; sourceTree = "<group>"; };
		EFD72AD72D51994D00BF0B44 /* BaseView.swift */ = {isa = PBXFileReference; lastKnownFileType = sourcecode.swift; path = BaseView.swift; sourceTree = "<group>"; };
		EFD72AD92D51994D00BF0B44 /* Item.swift */ = {isa = PBXFileReference; lastKnownFileType = sourcecode.swift; path = Item.swift; sourceTree = "<group>"; };
		EFD72ADB2D51994E00BF0B44 /* Assets.xcassets */ = {isa = PBXFileReference; lastKnownFileType = folder.assetcatalog; path = Assets.xcassets; sourceTree = "<group>"; };
		EFD72ADE2D51994E00BF0B44 /* Preview Assets.xcassets */ = {isa = PBXFileReference; lastKnownFileType = folder.assetcatalog; path = "Preview Assets.xcassets"; sourceTree = "<group>"; };
		EFD72AE52D51A1E500BF0B44 /* ColorUtil.swift */ = {isa = PBXFileReference; lastKnownFileType = sourcecode.swift; path = ColorUtil.swift; sourceTree = "<group>"; };
		EFD72AF22D5A99F700BF0B44 /* SettingsModel.swift */ = {isa = PBXFileReference; lastKnownFileType = sourcecode.swift; path = SettingsModel.swift; sourceTree = "<group>"; };
		EFF3945D2E0368D800E494CB /* GoogleService-Info.plist */ = {isa = PBXFileReference; lastKnownFileType = text.plist.xml; path = "GoogleService-Info.plist"; sourceTree = "<group>"; };
		EFF3945F2E03788000E494CB /* UserModel.swift */ = {isa = PBXFileReference; lastKnownFileType = sourcecode.swift; path = UserModel.swift; sourceTree = "<group>"; };
		EFF394612E038BBC00E494CB /* CreateAccountView.swift */ = {isa = PBXFileReference; lastKnownFileType = sourcecode.swift; path = CreateAccountView.swift; sourceTree = "<group>"; };
/* End PBXFileReference section */

/* Begin PBXFileSystemSynchronizedRootGroup section */
		EFBF55D02E00B2D500D43767 /* Sounds */ = {isa = PBXFileSystemSynchronizedRootGroup; explicitFileTypes = {}; explicitFolders = (); path = Sounds; sourceTree = "<group>"; };
		EFBF55D22E00B51700D43767 /* ViewModels */ = {isa = PBXFileSystemSynchronizedRootGroup; explicitFileTypes = {}; explicitFolders = (); path = ViewModels; sourceTree = "<group>"; };
/* End PBXFileSystemSynchronizedRootGroup section */

/* Begin PBXFrameworksBuildPhase section */
		EFD72ACF2D51994D00BF0B44 /* Frameworks */ = {
			isa = PBXFrameworksBuildPhase;
			buildActionMask = 2147483647;
			files = (
				EFF394582E03671100E494CB /* FirebaseAuth in Frameworks */,
				EFF3945A2E03671100E494CB /* FirebaseFirestore in Frameworks */,
				EFF3945C2E03671100E494CB /* FirebaseStorage in Frameworks */,
			);
			runOnlyForDeploymentPostprocessing = 0;
		};
/* End PBXFrameworksBuildPhase section */

/* Begin PBXGroup section */
		EFD72AC92D51994D00BF0B44 = {
			isa = PBXGroup;
			children = (
				EFD72AD42D51994D00BF0B44 /* StudyTimer */,
				EFD72AD32D51994D00BF0B44 /* Products */,
			);
			sourceTree = "<group>";
		};
		EFD72AD32D51994D00BF0B44 /* Products */ = {
			isa = PBXGroup;
			children = (
				EFD72AD22D51994D00BF0B44 /* StudyTimer.app */,
			);
			name = Products;
			sourceTree = "<group>";
		};
		EFD72AD42D51994D00BF0B44 /* StudyTimer */ = {
			isa = PBXGroup;
			children = (
				EFBF55D22E00B51700D43767 /* ViewModels */,
				EFBF55D02E00B2D500D43767 /* Sounds */,
				EF7444932DECE9D400CB50A1 /* Info.plist */,
				EFD72AE92D51B1A600BF0B44 /* Models */,
				EFD72AD52D51994D00BF0B44 /* StudyTimerApp.swift */,
				EFD72AE72D51B06900BF0B44 /* Views */,
				EFD72AD92D51994D00BF0B44 /* Item.swift */,
				EFD72ADB2D51994E00BF0B44 /* Assets.xcassets */,
				EFF3945D2E0368D800E494CB /* GoogleService-Info.plist */,
				EFD72ADD2D51994E00BF0B44 /* Preview Content */,
				EFD72AE82D51B10F00BF0B44 /* Utilities */,
			);
			path = StudyTimer;
			sourceTree = "<group>";
		};
		EFD72ADD2D51994E00BF0B44 /* Preview Content */ = {
			isa = PBXGroup;
			children = (
				EFD72ADE2D51994E00BF0B44 /* Preview Assets.xcassets */,
			);
			path = "Preview Content";
			sourceTree = "<group>";
		};
		EFD72AE72D51B06900BF0B44 /* Views */ = {
			isa = PBXGroup;
			children = (
				EFD72AD72D51994D00BF0B44 /* BaseView.swift */,
				EFBBF0302D600FB800FB3D6E /* SettingsView.swift */,
				EFBF55E12E0102B500D43767 /* LoginView.swift */,
				EFF394612E038BBC00E494CB /* CreateAccountView.swift */,
				EF2EB2BB2E05EB980094BC9D /* StatsView.swift */,
				EF2EB2BF2E05F39E0094BC9D /* LeaderboardView.swift */,
			);
			path = Views;
			sourceTree = "<group>";
		};
		EFD72AE82D51B10F00BF0B44 /* Utilities */ = {
			isa = PBXGroup;
			children = (
				EFD72AE52D51A1E500BF0B44 /* ColorUtil.swift */,
				EFBF55CA2DFF964400D43767 /* SoundUtil.swift */,
			);
			path = Utilities;
			sourceTree = "<group>";
		};
		EFD72AE92D51B1A600BF0B44 /* Models */ = {
			isa = PBXGroup;
			children = (
				EFD72AF22D5A99F700BF0B44 /* SettingsModel.swift */,
				EFF3945F2E03788000E494CB /* UserModel.swift */,
				EF2EB2BD2E05EDAB0094BC9D /* WeeklyUsageModel.swift */,
			);
			path = Models;
			sourceTree = "<group>";
		};
/* End PBXGroup section */

/* Begin PBXNativeTarget section */
		EFD72AD12D51994D00BF0B44 /* StudyTimer */ = {
			isa = PBXNativeTarget;
			buildConfigurationList = EFD72AE22D51994E00BF0B44 /* Build configuration list for PBXNativeTarget "StudyTimer" */;
			buildPhases = (
				EFD72ACE2D51994D00BF0B44 /* Sources */,
				EFD72ACF2D51994D00BF0B44 /* Frameworks */,
				EFD72AD02D51994D00BF0B44 /* Resources */,
			);
			buildRules = (
			);
			dependencies = (
			);
			fileSystemSynchronizedGroups = (
				EFBF55D02E00B2D500D43767 /* Sounds */,
				EFBF55D22E00B51700D43767 /* ViewModels */,
			);
			name = StudyTimer;
			productName = StudyTimer;
			productReference = EFD72AD22D51994D00BF0B44 /* StudyTimer.app */;
			productType = "com.apple.product-type.application";
		};
/* End PBXNativeTarget section */

/* Begin PBXProject section */
		EFD72ACA2D51994D00BF0B44 /* Project object */ = {
			isa = PBXProject;
			attributes = {
				BuildIndependentTargetsInParallel = 1;
				LastSwiftUpdateCheck = 1530;
				LastUpgradeCheck = 1530;
				TargetAttributes = {
					EFD72AD12D51994D00BF0B44 = {
						CreatedOnToolsVersion = 15.3;
					};
				};
			};
			buildConfigurationList = EFD72ACD2D51994D00BF0B44 /* Build configuration list for PBXProject "StudyTimer" */;
			compatibilityVersion = "Xcode 14.0";
			developmentRegion = en;
			hasScannedForEncodings = 0;
			knownRegions = (
				en,
				Base,
			);
			mainGroup = EFD72AC92D51994D00BF0B44;
			packageReferences = (
				EFF394562E03671100E494CB /* XCRemoteSwiftPackageReference "firebase-ios-sdk" */,
			);
			productRefGroup = EFD72AD32D51994D00BF0B44 /* Products */;
			projectDirPath = "";
			projectRoot = "";
			targets = (
				EFD72AD12D51994D00BF0B44 /* StudyTimer */,
			);
		};
/* End PBXProject section */

/* Begin PBXResourcesBuildPhase section */
		EFD72AD02D51994D00BF0B44 /* Resources */ = {
			isa = PBXResourcesBuildPhase;
			buildActionMask = 2147483647;
			files = (
				EFD72ADF2D51994E00BF0B44 /* Preview Assets.xcassets in Resources */,
				EFF3945E2E0368D800E494CB /* GoogleService-Info.plist in Resources */,
				EFD72ADC2D51994E00BF0B44 /* Assets.xcassets in Resources */,
			);
			runOnlyForDeploymentPostprocessing = 0;
		};
/* End PBXResourcesBuildPhase section */

/* Begin PBXSourcesBuildPhase section */
		EFD72ACE2D51994D00BF0B44 /* Sources */ = {
			isa = PBXSourcesBuildPhase;
			buildActionMask = 2147483647;
			files = (
				EFBBF0312D600FB800FB3D6E /* SettingsView.swift in Sources */,
				EFD72AF32D5A99F700BF0B44 /* SettingsModel.swift in Sources */,
				EFBF55E22E0102B500D43767 /* LoginView.swift in Sources */,
				EFF394622E038BBC00E494CB /* CreateAccountView.swift in Sources */,
				EF2EB2C02E05F39E0094BC9D /* LeaderboardView.swift in Sources */,
				EF2EB2BE2E05EDAB0094BC9D /* WeeklyUsageModel.swift in Sources */,
				EFD72AE62D51A1E500BF0B44 /* ColorUtil.swift in Sources */,
				EFD72AD82D51994D00BF0B44 /* BaseView.swift in Sources */,
				EFD72ADA2D51994D00BF0B44 /* Item.swift in Sources */,
				EF2EB2BC2E05EB980094BC9D /* StatsView.swift in Sources */,
				EFD72AD62D51994D00BF0B44 /* StudyTimerApp.swift in Sources */,
				EFBF55CB2DFF964400D43767 /* SoundUtil.swift in Sources */,
				EFF394602E03788000E494CB /* UserModel.swift in Sources */,
			);
			runOnlyForDeploymentPostprocessing = 0;
		};
/* End PBXSourcesBuildPhase section */

/* Begin XCBuildConfiguration section */
		EFD72AE02D51994E00BF0B44 /* Debug */ = {
			isa = XCBuildConfiguration;
			buildSettings = {
				ALWAYS_SEARCH_USER_PATHS = NO;
				ASSETCATALOG_COMPILER_GENERATE_SWIFT_ASSET_SYMBOL_EXTENSIONS = YES;
				CLANG_ANALYZER_NONNULL = YES;
				CLANG_ANALYZER_NUMBER_OBJECT_CONVERSION = YES_AGGRESSIVE;
				CLANG_CXX_LANGUAGE_STANDARD = "gnu++20";
				CLANG_ENABLE_MODULES = YES;
				CLANG_ENABLE_OBJC_ARC = YES;
				CLANG_ENABLE_OBJC_WEAK = YES;
				CLANG_WARN_BLOCK_CAPTURE_AUTORELEASING = YES;
				CLANG_WARN_BOOL_CONVERSION = YES;
				CLANG_WARN_COMMA = YES;
				CLANG_WARN_CONSTANT_CONVERSION = YES;
				CLANG_WARN_DEPRECATED_OBJC_IMPLEMENTATIONS = YES;
				CLANG_WARN_DIRECT_OBJC_ISA_USAGE = YES_ERROR;
				CLANG_WARN_DOCUMENTATION_COMMENTS = YES;
				CLANG_WARN_EMPTY_BODY = YES;
				CLANG_WARN_ENUM_CONVERSION = YES;
				CLANG_WARN_INFINITE_RECURSION = YES;
				CLANG_WARN_INT_CONVERSION = YES;
				CLANG_WARN_NON_LITERAL_NULL_CONVERSION = YES;
				CLANG_WARN_OBJC_IMPLICIT_RETAIN_SELF = YES;
				CLANG_WARN_OBJC_LITERAL_CONVERSION = YES;
				CLANG_WARN_OBJC_ROOT_CLASS = YES_ERROR;
				CLANG_WARN_QUOTED_INCLUDE_IN_FRAMEWORK_HEADER = YES;
				CLANG_WARN_RANGE_LOOP_ANALYSIS = YES;
				CLANG_WARN_STRICT_PROTOTYPES = YES;
				CLANG_WARN_SUSPICIOUS_MOVE = YES;
				CLANG_WARN_UNGUARDED_AVAILABILITY = YES_AGGRESSIVE;
				CLANG_WARN_UNREACHABLE_CODE = YES;
				CLANG_WARN__DUPLICATE_METHOD_MATCH = YES;
				COPY_PHASE_STRIP = NO;
				DEBUG_INFORMATION_FORMAT = dwarf;
				ENABLE_STRICT_OBJC_MSGSEND = YES;
				ENABLE_TESTABILITY = YES;
				ENABLE_USER_SCRIPT_SANDBOXING = YES;
				GCC_C_LANGUAGE_STANDARD = gnu17;
				GCC_DYNAMIC_NO_PIC = NO;
				GCC_NO_COMMON_BLOCKS = YES;
				GCC_OPTIMIZATION_LEVEL = 0;
				GCC_PREPROCESSOR_DEFINITIONS = (
					"DEBUG=1",
					"$(inherited)",
				);
				GCC_WARN_64_TO_32_BIT_CONVERSION = YES;
				GCC_WARN_ABOUT_RETURN_TYPE = YES_ERROR;
				GCC_WARN_UNDECLARED_SELECTOR = YES;
				GCC_WARN_UNINITIALIZED_AUTOS = YES_AGGRESSIVE;
				GCC_WARN_UNUSED_FUNCTION = YES;
				GCC_WARN_UNUSED_VARIABLE = YES;
				IPHONEOS_DEPLOYMENT_TARGET = 17.4;
				LOCALIZATION_PREFERS_STRING_CATALOGS = YES;
				MTL_ENABLE_DEBUG_INFO = INCLUDE_SOURCE;
				MTL_FAST_MATH = YES;
				ONLY_ACTIVE_ARCH = YES;
				SDKROOT = iphoneos;
				SWIFT_ACTIVE_COMPILATION_CONDITIONS = "DEBUG $(inherited)";
				SWIFT_OPTIMIZATION_LEVEL = "-Onone";
			};
			name = Debug;
		};
		EFD72AE12D51994E00BF0B44 /* Release */ = {
			isa = XCBuildConfiguration;
			buildSettings = {
				ALWAYS_SEARCH_USER_PATHS = NO;
				ASSETCATALOG_COMPILER_GENERATE_SWIFT_ASSET_SYMBOL_EXTENSIONS = YES;
				CLANG_ANALYZER_NONNULL = YES;
				CLANG_ANALYZER_NUMBER_OBJECT_CONVERSION = YES_AGGRESSIVE;
				CLANG_CXX_LANGUAGE_STANDARD = "gnu++20";
				CLANG_ENABLE_MODULES = YES;
				CLANG_ENABLE_OBJC_ARC = YES;
				CLANG_ENABLE_OBJC_WEAK = YES;
				CLANG_WARN_BLOCK_CAPTURE_AUTORELEASING = YES;
				CLANG_WARN_BOOL_CONVERSION = YES;
				CLANG_WARN_COMMA = YES;
				CLANG_WARN_CONSTANT_CONVERSION = YES;
				CLANG_WARN_DEPRECATED_OBJC_IMPLEMENTATIONS = YES;
				CLANG_WARN_DIRECT_OBJC_ISA_USAGE = YES_ERROR;
				CLANG_WARN_DOCUMENTATION_COMMENTS = YES;
				CLANG_WARN_EMPTY_BODY = YES;
				CLANG_WARN_ENUM_CONVERSION = YES;
				CLANG_WARN_INFINITE_RECURSION = YES;
				CLANG_WARN_INT_CONVERSION = YES;
				CLANG_WARN_NON_LITERAL_NULL_CONVERSION = YES;
				CLANG_WARN_OBJC_IMPLICIT_RETAIN_SELF = YES;
				CLANG_WARN_OBJC_LITERAL_CONVERSION = YES;
				CLANG_WARN_OBJC_ROOT_CLASS = YES_ERROR;
				CLANG_WARN_QUOTED_INCLUDE_IN_FRAMEWORK_HEADER = YES;
				CLANG_WARN_RANGE_LOOP_ANALYSIS = YES;
				CLANG_WARN_STRICT_PROTOTYPES = YES;
				CLANG_WARN_SUSPICIOUS_MOVE = YES;
				CLANG_WARN_UNGUARDED_AVAILABILITY = YES_AGGRESSIVE;
				CLANG_WARN_UNREACHABLE_CODE = YES;
				CLANG_WARN__DUPLICATE_METHOD_MATCH = YES;
				COPY_PHASE_STRIP = NO;
				DEBUG_INFORMATION_FORMAT = "dwarf-with-dsym";
				ENABLE_NS_ASSERTIONS = NO;
				ENABLE_STRICT_OBJC_MSGSEND = YES;
				ENABLE_USER_SCRIPT_SANDBOXING = YES;
				GCC_C_LANGUAGE_STANDARD = gnu17;
				GCC_NO_COMMON_BLOCKS = YES;
				GCC_WARN_64_TO_32_BIT_CONVERSION = YES;
				GCC_WARN_ABOUT_RETURN_TYPE = YES_ERROR;
				GCC_WARN_UNDECLARED_SELECTOR = YES;
				GCC_WARN_UNINITIALIZED_AUTOS = YES_AGGRESSIVE;
				GCC_WARN_UNUSED_FUNCTION = YES;
				GCC_WARN_UNUSED_VARIABLE = YES;
				IPHONEOS_DEPLOYMENT_TARGET = 17.4;
				LOCALIZATION_PREFERS_STRING_CATALOGS = YES;
				MTL_ENABLE_DEBUG_INFO = NO;
				MTL_FAST_MATH = YES;
				SDKROOT = iphoneos;
				SWIFT_COMPILATION_MODE = wholemodule;
				VALIDATE_PRODUCT = YES;
			};
			name = Release;
		};
		EFD72AE32D51994E00BF0B44 /* Debug */ = {
			isa = XCBuildConfiguration;
			buildSettings = {
				ASSETCATALOG_COMPILER_APPICON_NAME = AppIcon;
				ASSETCATALOG_COMPILER_GLOBAL_ACCENT_COLOR_NAME = AccentColor;
				CODE_SIGN_STYLE = Automatic;
				CURRENT_PROJECT_VERSION = 1;
				DEVELOPMENT_ASSET_PATHS = "\"StudyTimer/Preview Content\"";
				DEVELOPMENT_TEAM = 32NCZ2L8GX;
				ENABLE_PREVIEWS = YES;
				GENERATE_INFOPLIST_FILE = YES;
				INFOPLIST_FILE = StudyTimer/Info.plist;
				INFOPLIST_KEY_UIApplicationSceneManifest_Generation = YES;
				INFOPLIST_KEY_UIApplicationSupportsIndirectInputEvents = YES;
				INFOPLIST_KEY_UILaunchScreen_Generation = YES;
				INFOPLIST_KEY_UISupportedInterfaceOrientations_iPad = "UIInterfaceOrientationPortrait UIInterfaceOrientationPortraitUpsideDown UIInterfaceOrientationLandscapeLeft UIInterfaceOrientationLandscapeRight";
				INFOPLIST_KEY_UISupportedInterfaceOrientations_iPhone = "UIInterfaceOrientationPortrait UIInterfaceOrientationLandscapeLeft UIInterfaceOrientationLandscapeRight";
				LD_RUNPATH_SEARCH_PATHS = (
					"$(inherited)",
					"@executable_path/Frameworks",
				);
				MARKETING_VERSION = 1.0;
				PRODUCT_BUNDLE_IDENTIFIER = jadencreech.StudyTimer;
				PRODUCT_NAME = "$(TARGET_NAME)";
				SWIFT_EMIT_LOC_STRINGS = YES;
				SWIFT_VERSION = 5.0;
				TARGETED_DEVICE_FAMILY = "1,2";
			};
			name = Debug;
		};
		EFD72AE42D51994E00BF0B44 /* Release */ = {
			isa = XCBuildConfiguration;
			buildSettings = {
				ASSETCATALOG_COMPILER_APPICON_NAME = AppIcon;
				ASSETCATALOG_COMPILER_GLOBAL_ACCENT_COLOR_NAME = AccentColor;
				CODE_SIGN_STYLE = Automatic;
				CURRENT_PROJECT_VERSION = 1;
				DEVELOPMENT_ASSET_PATHS = "\"StudyTimer/Preview Content\"";
				DEVELOPMENT_TEAM = 32NCZ2L8GX;
				ENABLE_PREVIEWS = YES;
				GENERATE_INFOPLIST_FILE = YES;
				INFOPLIST_FILE = StudyTimer/Info.plist;
				INFOPLIST_KEY_UIApplicationSceneManifest_Generation = YES;
				INFOPLIST_KEY_UIApplicationSupportsIndirectInputEvents = YES;
				INFOPLIST_KEY_UILaunchScreen_Generation = YES;
				INFOPLIST_KEY_UISupportedInterfaceOrientations_iPad = "UIInterfaceOrientationPortrait UIInterfaceOrientationPortraitUpsideDown UIInterfaceOrientationLandscapeLeft UIInterfaceOrientationLandscapeRight";
				INFOPLIST_KEY_UISupportedInterfaceOrientations_iPhone = "UIInterfaceOrientationPortrait UIInterfaceOrientationLandscapeLeft UIInterfaceOrientationLandscapeRight";
				LD_RUNPATH_SEARCH_PATHS = (
					"$(inherited)",
					"@executable_path/Frameworks",
				);
				MARKETING_VERSION = 1.0;
				PRODUCT_BUNDLE_IDENTIFIER = jadencreech.StudyTimer;
				PRODUCT_NAME = "$(TARGET_NAME)";
				SWIFT_EMIT_LOC_STRINGS = YES;
				SWIFT_VERSION = 5.0;
				TARGETED_DEVICE_FAMILY = "1,2";
			};
			name = Release;
		};
/* End XCBuildConfiguration section */

/* Begin XCConfigurationList section */
		EFD72ACD2D51994D00BF0B44 /* Build configuration list for PBXProject "StudyTimer" */ = {
			isa = XCConfigurationList;
			buildConfigurations = (
				EFD72AE02D51994E00BF0B44 /* Debug */,
				EFD72AE12D51994E00BF0B44 /* Release */,
			);
			defaultConfigurationIsVisible = 0;
			defaultConfigurationName = Release;
		};
		EFD72AE22D51994E00BF0B44 /* Build configuration list for PBXNativeTarget "StudyTimer" */ = {
			isa = XCConfigurationList;
			buildConfigurations = (
				EFD72AE32D51994E00BF0B44 /* Debug */,
				EFD72AE42D51994E00BF0B44 /* Release */,
			);
			defaultConfigurationIsVisible = 0;
			defaultConfigurationName = Release;
		};
/* End XCConfigurationList section */

/* Begin XCRemoteSwiftPackageReference section */
		EFF394562E03671100E494CB /* XCRemoteSwiftPackageReference "firebase-ios-sdk" */ = {
			isa = XCRemoteSwiftPackageReference;
			repositoryURL = "https://github.com/firebase/firebase-ios-sdk.git";
			requirement = {
				kind = upToNextMajorVersion;
				minimumVersion = 11.14.0;
			};
		};
/* End XCRemoteSwiftPackageReference section */

/* Begin XCSwiftPackageProductDependency section */
		EFF394572E03671100E494CB /* FirebaseAuth */ = {
			isa = XCSwiftPackageProductDependency;
			package = EFF394562E03671100E494CB /* XCRemoteSwiftPackageReference "firebase-ios-sdk" */;
			productName = FirebaseAuth;
		};
		EFF394592E03671100E494CB /* FirebaseFirestore */ = {
			isa = XCSwiftPackageProductDependency;
			package = EFF394562E03671100E494CB /* XCRemoteSwiftPackageReference "firebase-ios-sdk" */;
			productName = FirebaseFirestore;
		};
		EFF3945B2E03671100E494CB /* FirebaseStorage */ = {
			isa = XCSwiftPackageProductDependency;
			package = EFF394562E03671100E494CB /* XCRemoteSwiftPackageReference "firebase-ios-sdk" */;
			productName = FirebaseStorage;
		};
/* End XCSwiftPackageProductDependency section */
	};
	rootObject = EFD72ACA2D51994D00BF0B44 /* Project object */;
}
