// !$*UTF8*$!
{
	archiveVersion = 1;
	classes = {
	};
	objectVersion = 56;
	objects = {

/* Begin PBXBuildFile section */
		EFA5A16C2DF12E8E009DDF6E /* default_alarm.mp3 in Resources */ = {isa = PBXBuildFile; fileRef = EFA5A16B2DF12E8D009DDF6E /* default_alarm.mp3 */; };
		EFA5A16E2DF13417009DDF6E /* rainbow_alarm.mp3 in Resources */ = {isa = PBXBuildFile; fileRef = EFA5A16D2DF13417009DDF6E /* rainbow_alarm.mp3 */; };
		EFA5A1702DF134AA009DDF6E /* digital_alarm.mp3 in Resources */ = {isa = PBXBuildFile; fileRef = EFA5A16F2DF134AA009DDF6E /* digital_alarm.mp3 */; };
		EFA5A1722DF13595009DDF6E /* orchestral_alarm.mp3 in Resources */ = {isa = PBXBuildFile; fileRef = EFA5A1712DF13595009DDF6E /* orchestral_alarm.mp3 */; };
		EFA5A1742DF13CC7009DDF6E /* ticking_clock.mp3 in Resources */ = {isa = PBXBuildFile; fileRef = EFA5A1732DF13CC7009DDF6E /* ticking_clock.mp3 */; };
		EFBBF0312D600FB800FB3D6E /* SettingsView.swift in Sources */ = {isa = PBXBuildFile; fileRef = EFBBF0302D600FB800FB3D6E /* SettingsView.swift */; };
		EFD72AD62D51994D00BF0B44 /* StudyTimerApp.swift in Sources */ = {isa = PBXBuildFile; fileRef = EFD72AD52D51994D00BF0B44 /* StudyTimerApp.swift */; };
		EFD72AD82D51994D00BF0B44 /* BaseView.swift in Sources */ = {isa = PBXBuildFile; fileRef = EFD72AD72D51994D00BF0B44 /* BaseView.swift */; };
		EFD72ADA2D51994D00BF0B44 /* Item.swift in Sources */ = {isa = PBXBuildFile; fileRef = EFD72AD92D51994D00BF0B44 /* Item.swift */; };
		EFD72ADC2D51994E00BF0B44 /* Assets.xcassets in Resources */ = {isa = PBXBuildFile; fileRef = EFD72ADB2D51994E00BF0B44 /* Assets.xcassets */; };
		EFD72ADF2D51994E00BF0B44 /* Preview Assets.xcassets in Resources */ = {isa = PBXBuildFile; fileRef = EFD72ADE2D51994E00BF0B44 /* Preview Assets.xcassets */; };
		EFD72AE62D51A1E500BF0B44 /* ColorUtil.swift in Sources */ = {isa = PBXBuildFile; fileRef = EFD72AE52D51A1E500BF0B44 /* ColorUtil.swift */; };
		EFD72AEF2D56A79900BF0B44 /* TimerModel.swift in Sources */ = {isa = PBXBuildFile; fileRef = EFD72AEE2D56A79900BF0B44 /* TimerModel.swift */; };
		EFD72AF32D5A99F700BF0B44 /* SettingsModel.swift in Sources */ = {isa = PBXBuildFile; fileRef = EFD72AF22D5A99F700BF0B44 /* SettingsModel.swift */; };
/* End PBXBuildFile section */

/* Begin PBXFileReference section */
		EF7444932DECE9D400CB50A1 /* Info.plist */ = {isa = PBXFileReference; lastKnownFileType = text.plist; path = Info.plist; sourceTree = "<group>"; };
		EFA5A16B2DF12E8D009DDF6E /* default_alarm.mp3 */ = {isa = PBXFileReference; lastKnownFileType = audio.mp3; path = default_alarm.mp3; sourceTree = "<group>"; };
		EFA5A16D2DF13417009DDF6E /* rainbow_alarm.mp3 */ = {isa = PBXFileReference; lastKnownFileType = audio.mp3; path = rainbow_alarm.mp3; sourceTree = "<group>"; };
		EFA5A16F2DF134AA009DDF6E /* digital_alarm.mp3 */ = {isa = PBXFileReference; lastKnownFileType = audio.mp3; path = digital_alarm.mp3; sourceTree = "<group>"; };
		EFA5A1712DF13595009DDF6E /* orchestral_alarm.mp3 */ = {isa = PBXFileReference; lastKnownFileType = audio.mp3; path = orchestral_alarm.mp3; sourceTree = "<group>"; };
		EFA5A1732DF13CC7009DDF6E /* ticking_clock.mp3 */ = {isa = PBXFileReference; lastKnownFileType = audio.mp3; path = ticking_clock.mp3; sourceTree = "<group>"; };
		EFBBF0302D600FB800FB3D6E /* SettingsView.swift */ = {isa = PBXFileReference; lastKnownFileType = sourcecode.swift; path = SettingsView.swift; sourceTree = "<group>"; };
		EFD72AD22D51994D00BF0B44 /* StudyTimer.app */ = {isa = PBXFileReference; explicitFileType = wrapper.application; includeInIndex = 0; path = StudyTimer.app; sourceTree = BUILT_PRODUCTS_DIR; };
		EFD72AD52D51994D00BF0B44 /* StudyTimerApp.swift */ = {isa = PBXFileReference; lastKnownFileType = sourcecode.swift; path = StudyTimerApp.swift; sourceTree = "<group>"; };
		EFD72AD72D51994D00BF0B44 /* BaseView.swift */ = {isa = PBXFileReference; lastKnownFileType = sourcecode.swift; path = BaseView.swift; sourceTree = "<group>"; };
		EFD72AD92D51994D00BF0B44 /* Item.swift */ = {isa = PBXFileReference; lastKnownFileType = sourcecode.swift; path = Item.swift; sourceTree = "<group>"; };
		EFD72ADB2D51994E00BF0B44 /* Assets.xcassets */ = {isa = PBXFileReference; lastKnownFileType = folder.assetcatalog; path = Assets.xcassets; sourceTree = "<group>"; };
		EFD72ADE2D51994E00BF0B44 /* Preview Assets.xcassets */ = {isa = PBXFileReference; lastKnownFileType = folder.assetcatalog; path = "Preview Assets.xcassets"; sourceTree = "<group>"; };
		EFD72AE52D51A1E500BF0B44 /* ColorUtil.swift */ = {isa = PBXFileReference; lastKnownFileType = sourcecode.swift; path = ColorUtil.swift; sourceTree = "<group>"; };
		EFD72AEE2D56A79900BF0B44 /* TimerModel.swift */ = {isa = PBXFileReference; lastKnownFileType = sourcecode.swift; path = TimerModel.swift; sourceTree = "<group>"; };
		EFD72AF22D5A99F700BF0B44 /* SettingsModel.swift */ = {isa = PBXFileReference; lastKnownFileType = sourcecode.swift; path = SettingsModel.swift; sourceTree = "<group>"; };
/* End PBXFileReference section */

/* Begin PBXFrameworksBuildPhase section */
		EFD72ACF2D51994D00BF0B44 /* Frameworks */ = {
			isa = PBXFrameworksBuildPhase;
			buildActionMask = 2147483647;
			files = (
			);
			runOnlyForDeploymentPostprocessing = 0;
		};
/* End PBXFrameworksBuildPhase section */

/* Begin PBXGroup section */
		EFD72AC92D51994D00BF0B44 = {
			isa = PBXGroup;
			children = (
				EFD72AD42D51994D00BF0B44 /* StudyTimer */,
				EFD72AD32D51994D00BF0B44 /* Products */,
			);
			sourceTree = "<group>";
		};
		EFD72AD32D51994D00BF0B44 /* Products */ = {
			isa = PBXGroup;
			children = (
				EFD72AD22D51994D00BF0B44 /* StudyTimer.app */,
			);
			name = Products;
			sourceTree = "<group>";
		};
		EFD72AD42D51994D00BF0B44 /* StudyTimer */ = {
			isa = PBXGroup;
			children = (
				EF7444932DECE9D400CB50A1 /* Info.plist */,
				EFD72AE92D51B1A600BF0B44 /* Models */,
				EFD72AD52D51994D00BF0B44 /* StudyTimerApp.swift */,
				EFD72AE72D51B06900BF0B44 /* Views */,
				EFD72AD92D51994D00BF0B44 /* Item.swift */,
				EFD72ADB2D51994E00BF0B44 /* Assets.xcassets */,
				EFD72ADD2D51994E00BF0B44 /* Preview Content */,
				EFD72AE82D51B10F00BF0B44 /* Utilities */,
				EFA5A16B2DF12E8D009DDF6E /* default_alarm.mp3 */,
				EFA5A16D2DF13417009DDF6E /* rainbow_alarm.mp3 */,
				EFA5A16F2DF134AA009DDF6E /* digital_alarm.mp3 */,
				EFA5A1712DF13595009DDF6E /* orchestral_alarm.mp3 */,
				EFA5A1732DF13CC7009DDF6E /* ticking_clock.mp3 */,
			);
			path = StudyTimer;
			sourceTree = "<group>";
		};
		EFD72ADD2D51994E00BF0B44 /* Preview Content */ = {
			isa = PBXGroup;
			children = (
				EFD72ADE2D51994E00BF0B44 /* Preview Assets.xcassets */,
			);
			path = "Preview Content";
			sourceTree = "<group>";
		};
		EFD72AE72D51B06900BF0B44 /* Views */ = {
			isa = PBXGroup;
			children = (
				EFD72AD72D51994D00BF0B44 /* BaseView.swift */,
				EFBBF0302D600FB800FB3D6E /* SettingsView.swift */,
			);
			path = Views;
			sourceTree = "<group>";
		};
		EFD72AE82D51B10F00BF0B44 /* Utilities */ = {
			isa = PBXGroup;
			children = (
				EFD72AE52D51A1E500BF0B44 /* ColorUtil.swift */,
			);
			path = Utilities;
			sourceTree = "<group>";
		};
		EFD72AE92D51B1A600BF0B44 /* Models */ = {
			isa = PBXGroup;
			children = (
				EFD72AEE2D56A79900BF0B44 /* TimerModel.swift */,
				EFD72AF22D5A99F700BF0B44 /* SettingsModel.swift */,
			);
			path = Models;
			sourceTree = "<group>";
		};
/* End PBXGroup section */

/* Begin PBXNativeTarget section */
		EFD72AD12D51994D00BF0B44 /* StudyTimer */ = {
			isa = PBXNativeTarget;
			buildConfigurationList = EFD72AE22D51994E00BF0B44 /* Build configuration list for PBXNativeTarget "StudyTimer" */;
			buildPhases = (
				EFD72ACE2D51994D00BF0B44 /* Sources */,
				EFD72ACF2D51994D00BF0B44 /* Frameworks */,
				EFD72AD02D51994D00BF0B44 /* Resources */,
			);
			buildRules = (
			);
			dependencies = (
			);
			name = StudyTimer;
			productName = StudyTimer;
			productReference = EFD72AD22D51994D00BF0B44 /* StudyTimer.app */;
			productType = "com.apple.product-type.application";
		};
/* End PBXNativeTarget section */

/* Begin PBXProject section */
		EFD72ACA2D51994D00BF0B44 /* Project object */ = {
			isa = PBXProject;
			attributes = {
				BuildIndependentTargetsInParallel = 1;
				LastSwiftUpdateCheck = 1530;
				LastUpgradeCheck = 1530;
				TargetAttributes = {
					EFD72AD12D51994D00BF0B44 = {
						CreatedOnToolsVersion = 15.3;
					};
				};
			};
			buildConfigurationList = EFD72ACD2D51994D00BF0B44 /* Build configuration list for PBXProject "StudyTimer" */;
			compatibilityVersion = "Xcode 14.0";
			developmentRegion = en;
			hasScannedForEncodings = 0;
			knownRegions = (
				en,
				Base,
			);
			mainGroup = EFD72AC92D51994D00BF0B44;
			productRefGroup = EFD72AD32D51994D00BF0B44 /* Products */;
			projectDirPath = "";
			projectRoot = "";
			targets = (
				EFD72AD12D51994D00BF0B44 /* StudyTimer */,
			);
		};
/* End PBXProject section */

/* Begin PBXResourcesBuildPhase section */
		EFD72AD02D51994D00BF0B44 /* Resources */ = {
			isa = PBXResourcesBuildPhase;
			buildActionMask = 2147483647;
			files = (
				EFA5A1702DF134AA009DDF6E /* digital_alarm.mp3 in Resources */,
				EFD72ADF2D51994E00BF0B44 /* Preview Assets.xcassets in Resources */,
				EFD72ADC2D51994E00BF0B44 /* Assets.xcassets in Resources */,
				EFA5A16E2DF13417009DDF6E /* rainbow_alarm.mp3 in Resources */,
				EFA5A16C2DF12E8E009DDF6E /* default_alarm.mp3 in Resources */,
				EFA5A1722DF13595009DDF6E /* orchestral_alarm.mp3 in Resources */,
				EFA5A1742DF13CC7009DDF6E /* ticking_clock.mp3 in Resources */,
			);
			runOnlyForDeploymentPostprocessing = 0;
		};
/* End PBXResourcesBuildPhase section */

/* Begin PBXSourcesBuildPhase section */
		EFD72ACE2D51994D00BF0B44 /* Sources */ = {
			isa = PBXSourcesBuildPhase;
			buildActionMask = 2147483647;
			files = (
				EFBBF0312D600FB800FB3D6E /* SettingsView.swift in Sources */,
				EFD72AF32D5A99F700BF0B44 /* SettingsModel.swift in Sources */,
				EFD72AE62D51A1E500BF0B44 /* ColorUtil.swift in Sources */,
				EFD72AD82D51994D00BF0B44 /* BaseView.swift in Sources */,
				EFD72AEF2D56A79900BF0B44 /* TimerModel.swift in Sources */,
				EFD72ADA2D51994D00BF0B44 /* Item.swift in Sources */,
				EFD72AD62D51994D00BF0B44 /* StudyTimerApp.swift in Sources */,
			);
			runOnlyForDeploymentPostprocessing = 0;
		};
/* End PBXSourcesBuildPhase section */

/* Begin XCBuildConfiguration section */
		EFD72AE02D51994E00BF0B44 /* Debug */ = {
			isa = XCBuildConfiguration;
			buildSettings = {
				ALWAYS_SEARCH_USER_PATHS = NO;
				ASSETCATALOG_COMPILER_GENERATE_SWIFT_ASSET_SYMBOL_EXTENSIONS = YES;
				CLANG_ANALYZER_NONNULL = YES;
				CLANG_ANALYZER_NUMBER_OBJECT_CONVERSION = YES_AGGRESSIVE;
				CLANG_CXX_LANGUAGE_STANDARD = "gnu++20";
				CLANG_ENABLE_MODULES = YES;
				CLANG_ENABLE_OBJC_ARC = YES;
				CLANG_ENABLE_OBJC_WEAK = YES;
				CLANG_WARN_BLOCK_CAPTURE_AUTORELEASING = YES;
				CLANG_WARN_BOOL_CONVERSION = YES;
				CLANG_WARN_COMMA = YES;
				CLANG_WARN_CONSTANT_CONVERSION = YES;
				CLANG_WARN_DEPRECATED_OBJC_IMPLEMENTATIONS = YES;
				CLANG_WARN_DIRECT_OBJC_ISA_USAGE = YES_ERROR;
				CLANG_WARN_DOCUMENTATION_COMMENTS = YES;
				CLANG_WARN_EMPTY_BODY = YES;
				CLANG_WARN_ENUM_CONVERSION = YES;
				CLANG_WARN_INFINITE_RECURSION = YES;
				CLANG_WARN_INT_CONVERSION = YES;
				CLANG_WARN_NON_LITERAL_NULL_CONVERSION = YES;
				CLANG_WARN_OBJC_IMPLICIT_RETAIN_SELF = YES;
				CLANG_WARN_OBJC_LITERAL_CONVERSION = YES;
				CLANG_WARN_OBJC_ROOT_CLASS = YES_ERROR;
				CLANG_WARN_QUOTED_INCLUDE_IN_FRAMEWORK_HEADER = YES;
				CLANG_WARN_RANGE_LOOP_ANALYSIS = YES;
				CLANG_WARN_STRICT_PROTOTYPES = YES;
				CLANG_WARN_SUSPICIOUS_MOVE = YES;
				CLANG_WARN_UNGUARDED_AVAILABILITY = YES_AGGRESSIVE;
				CLANG_WARN_UNREACHABLE_CODE = YES;
				CLANG_WARN__DUPLICATE_METHOD_MATCH = YES;
				COPY_PHASE_STRIP = NO;
				DEBUG_INFORMATION_FORMAT = dwarf;
				ENABLE_STRICT_OBJC_MSGSEND = YES;
				ENABLE_TESTABILITY = YES;
				ENABLE_USER_SCRIPT_SANDBOXING = YES;
				GCC_C_LANGUAGE_STANDARD = gnu17;
				GCC_DYNAMIC_NO_PIC = NO;
				GCC_NO_COMMON_BLOCKS = YES;
				GCC_OPTIMIZATION_LEVEL = 0;
				GCC_PREPROCESSOR_DEFINITIONS = (
					"DEBUG=1",
					"$(inherited)",
				);
				GCC_WARN_64_TO_32_BIT_CONVERSION = YES;
				GCC_WARN_ABOUT_RETURN_TYPE = YES_ERROR;
				GCC_WARN_UNDECLARED_SELECTOR = YES;
				GCC_WARN_UNINITIALIZED_AUTOS = YES_AGGRESSIVE;
				GCC_WARN_UNUSED_FUNCTION = YES;
				GCC_WARN_UNUSED_VARIABLE = YES;
				IPHONEOS_DEPLOYMENT_TARGET = 17.4;
				LOCALIZATION_PREFERS_STRING_CATALOGS = YES;
				MTL_ENABLE_DEBUG_INFO = INCLUDE_SOURCE;
				MTL_FAST_MATH = YES;
				ONLY_ACTIVE_ARCH = YES;
				SDKROOT = iphoneos;
				SWIFT_ACTIVE_COMPILATION_CONDITIONS = "DEBUG $(inherited)";
				SWIFT_OPTIMIZATION_LEVEL = "-Onone";
			};
			name = Debug;
		};
		EFD72AE12D51994E00BF0B44 /* Release */ = {
			isa = XCBuildConfiguration;
			buildSettings = {
				ALWAYS_SEARCH_USER_PATHS = NO;
				ASSETCATALOG_COMPILER_GENERATE_SWIFT_ASSET_SYMBOL_EXTENSIONS = YES;
				CLANG_ANALYZER_NONNULL = YES;
				CLANG_ANALYZER_NUMBER_OBJECT_CONVERSION = YES_AGGRESSIVE;
				CLANG_CXX_LANGUAGE_STANDARD = "gnu++20";
				CLANG_ENABLE_MODULES = YES;
				CLANG_ENABLE_OBJC_ARC = YES;
				CLANG_ENABLE_OBJC_WEAK = YES;
				CLANG_WARN_BLOCK_CAPTURE_AUTORELEASING = YES;
				CLANG_WARN_BOOL_CONVERSION = YES;
				CLANG_WARN_COMMA = YES;
				CLANG_WARN_CONSTANT_CONVERSION = YES;
				CLANG_WARN_DEPRECATED_OBJC_IMPLEMENTATIONS = YES;
				CLANG_WARN_DIRECT_OBJC_ISA_USAGE = YES_ERROR;
				CLANG_WARN_DOCUMENTATION_COMMENTS = YES;
				CLANG_WARN_EMPTY_BODY = YES;
				CLANG_WARN_ENUM_CONVERSION = YES;
				CLANG_WARN_INFINITE_RECURSION = YES;
				CLANG_WARN_INT_CONVERSION = YES;
				CLANG_WARN_NON_LITERAL_NULL_CONVERSION = YES;
				CLANG_WARN_OBJC_IMPLICIT_RETAIN_SELF = YES;
				CLANG_WARN_OBJC_LITERAL_CONVERSION = YES;
				CLANG_WARN_OBJC_ROOT_CLASS = YES_ERROR;
				CLANG_WARN_QUOTED_INCLUDE_IN_FRAMEWORK_HEADER = YES;
				CLANG_WARN_RANGE_LOOP_ANALYSIS = YES;
				CLANG_WARN_STRICT_PROTOTYPES = YES;
				CLANG_WARN_SUSPICIOUS_MOVE = YES;
				CLANG_WARN_UNGUARDED_AVAILABILITY = YES_AGGRESSIVE;
				CLANG_WARN_UNREACHABLE_CODE = YES;
				CLANG_WARN__DUPLICATE_METHOD_MATCH = YES;
				COPY_PHASE_STRIP = NO;
				DEBUG_INFORMATION_FORMAT = "dwarf-with-dsym";
				ENABLE_NS_ASSERTIONS = NO;
				ENABLE_STRICT_OBJC_MSGSEND = YES;
				ENABLE_USER_SCRIPT_SANDBOXING = YES;
				GCC_C_LANGUAGE_STANDARD = gnu17;
				GCC_NO_COMMON_BLOCKS = YES;
				GCC_WARN_64_TO_32_BIT_CONVERSION = YES;
				GCC_WARN_ABOUT_RETURN_TYPE = YES_ERROR;
				GCC_WARN_UNDECLARED_SELECTOR = YES;
				GCC_WARN_UNINITIALIZED_AUTOS = YES_AGGRESSIVE;
				GCC_WARN_UNUSED_FUNCTION = YES;
				GCC_WARN_UNUSED_VARIABLE = YES;
				IPHONEOS_DEPLOYMENT_TARGET = 17.4;
				LOCALIZATION_PREFERS_STRING_CATALOGS = YES;
				MTL_ENABLE_DEBUG_INFO = NO;
				MTL_FAST_MATH = YES;
				SDKROOT = iphoneos;
				SWIFT_COMPILATION_MODE = wholemodule;
				VALIDATE_PRODUCT = YES;
			};
			name = Release;
		};
		EFD72AE32D51994E00BF0B44 /* Debug */ = {
			isa = XCBuildConfiguration;
			buildSettings = {
				ASSETCATALOG_COMPILER_APPICON_NAME = AppIcon;
				ASSETCATALOG_COMPILER_GLOBAL_ACCENT_COLOR_NAME = AccentColor;
				CODE_SIGN_STYLE = Automatic;
				CURRENT_PROJECT_VERSION = 1;
				DEVELOPMENT_ASSET_PATHS = "\"StudyTimer/Preview Content\"";
				DEVELOPMENT_TEAM = 32NCZ2L8GX;
				ENABLE_PREVIEWS = YES;
				GENERATE_INFOPLIST_FILE = YES;
				INFOPLIST_FILE = StudyTimer/Info.plist;
				INFOPLIST_KEY_UIApplicationSceneManifest_Generation = YES;
				INFOPLIST_KEY_UIApplicationSupportsIndirectInputEvents = YES;
				INFOPLIST_KEY_UILaunchScreen_Generation = YES;
				INFOPLIST_KEY_UISupportedInterfaceOrientations_iPad = "UIInterfaceOrientationPortrait UIInterfaceOrientationPortraitUpsideDown UIInterfaceOrientationLandscapeLeft UIInterfaceOrientationLandscapeRight";
				INFOPLIST_KEY_UISupportedInterfaceOrientations_iPhone = "UIInterfaceOrientationPortrait UIInterfaceOrientationLandscapeLeft UIInterfaceOrientationLandscapeRight";
				LD_RUNPATH_SEARCH_PATHS = (
					"$(inherited)",
					"@executable_path/Frameworks",
				);
				MARKETING_VERSION = 1.0;
				PRODUCT_BUNDLE_IDENTIFIER = jadencreech.StudyTimer;
				PRODUCT_NAME = "$(TARGET_NAME)";
				SWIFT_EMIT_LOC_STRINGS = YES;
				SWIFT_VERSION = 5.0;
				TARGETED_DEVICE_FAMILY = "1,2";
			};
			name = Debug;
		};
		EFD72AE42D51994E00BF0B44 /* Release */ = {
			isa = XCBuildConfiguration;
			buildSettings = {
				ASSETCATALOG_COMPILER_APPICON_NAME = AppIcon;
				ASSETCATALOG_COMPILER_GLOBAL_ACCENT_COLOR_NAME = AccentColor;
				CODE_SIGN_STYLE = Automatic;
				CURRENT_PROJECT_VERSION = 1;
				DEVELOPMENT_ASSET_PATHS = "\"StudyTimer/Preview Content\"";
				DEVELOPMENT_TEAM = 32NCZ2L8GX;
				ENABLE_PREVIEWS = YES;
				GENERATE_INFOPLIST_FILE = YES;
				INFOPLIST_FILE = StudyTimer/Info.plist;
				INFOPLIST_KEY_UIApplicationSceneManifest_Generation = YES;
				INFOPLIST_KEY_UIApplicationSupportsIndirectInputEvents = YES;
				INFOPLIST_KEY_UILaunchScreen_Generation = YES;
				INFOPLIST_KEY_UISupportedInterfaceOrientations_iPad = "UIInterfaceOrientationPortrait UIInterfaceOrientationPortraitUpsideDown UIInterfaceOrientationLandscapeLeft UIInterfaceOrientationLandscapeRight";
				INFOPLIST_KEY_UISupportedInterfaceOrientations_iPhone = "UIInterfaceOrientationPortrait UIInterfaceOrientationLandscapeLeft UIInterfaceOrientationLandscapeRight";
				LD_RUNPATH_SEARCH_PATHS = (
					"$(inherited)",
					"@executable_path/Frameworks",
				);
				MARKETING_VERSION = 1.0;
				PRODUCT_BUNDLE_IDENTIFIER = jadencreech.StudyTimer;
				PRODUCT_NAME = "$(TARGET_NAME)";
				SWIFT_EMIT_LOC_STRINGS = YES;
				SWIFT_VERSION = 5.0;
				TARGETED_DEVICE_FAMILY = "1,2";
			};
			name = Release;
		};
/* End XCBuildConfiguration section */

/* Begin XCConfigurationList section */
		EFD72ACD2D51994D00BF0B44 /* Build configuration list for PBXProject "StudyTimer" */ = {
			isa = XCConfigurationList;
			buildConfigurations = (
				EFD72AE02D51994E00BF0B44 /* Debug */,
				EFD72AE12D51994E00BF0B44 /* Release */,
			);
			defaultConfigurationIsVisible = 0;
			defaultConfigurationName = Release;
		};
		EFD72AE22D51994E00BF0B44 /* Build configuration list for PBXNativeTarget "StudyTimer" */ = {
			isa = XCConfigurationList;
			buildConfigurations = (
				EFD72AE32D51994E00BF0B44 /* Debug */,
				EFD72AE42D51994E00BF0B44 /* Release */,
			);
			defaultConfigurationIsVisible = 0;
			defaultConfigurationName = Release;
		};
/* End XCConfigurationList section */
	};
	rootObject = EFD72ACA2D51994D00BF0B44 /* Project object */;
}
